{
  "name": "starcat-games-site",
  "lockfileVersion": 2,
  "requires": true,
  "packages": {
    "": {
      "dependencies": {
        "@picocss/pico": "^2.0.6",
        "98.css": "^0.1.20"
      }
    },
    "node_modules/@picocss/pico": {
      "version": "2.0.6",
      "resolved": "https://registry.npmjs.org/@picocss/pico/-/pico-2.0.6.tgz",
      "integrity": "sha512-/d8qsykowelD6g8k8JYgmCagOIulCPHMEc2NC4u7OjmpQLmtSetLhEbt0j1n3fPNJVcrT84dRp0RfJBn3wJROA==",
      "engines": {
        "node": ">=18.19.0"
      }
    },
    "node_modules/98.css": {
      "version": "0.1.20",
      "resolved": "https://registry.npmjs.org/98.css/-/98.css-0.1.20.tgz",
      "integrity": "sha512-9oM+AZMfxG59Zz+bnAjIxAX2AKnBPkEJjf84ATto0wUNdRPxV+jhov1rHKe/wl6D0giuWwY603RxwrVVG4v2sA=="
    }
  },
  "dependencies": {
    "@picocss/pico": {
      "version": "2.0.6",
      "resolved": "https://registry.npmjs.org/@picocss/pico/-/pico-2.0.6.tgz",
      "integrity": "sha512-/d8qsykowelD6g8k8JYgmCagOIulCPHMEc2NC4u7OjmpQLmtSetLhEbt0j1n3fPNJVcrT84dRp0RfJBn3wJROA=="
    },
    "98.css": {
      "version": "0.1.20",
      "resolved": "https://registry.npmjs.org/98.css/-/98.css-0.1.20.tgz",
      "integrity": "sha512-9oM+AZMfxG59Zz+bnAjIxAX2AKnBPkEJjf84ATto0wUNdRPxV+jhov1rHKe/wl6D0giuWwY603RxwrVVG4v2sA=="
    }
  }
}
